
Microsoft Visual Studio Solution File, Format Version 12.00
# Visual Studio Version 16
VisualStudioVersion = 16.0.34407.143
MinimumVisualStudioVersion = 10.0.40219.1
Project("{8BC9CEB8-8B4A-11D0-8D11-00A0C91BC942}") = "countNumOfChocolates", "countNumOfChocolates\countNumOfChocolates.vcxproj", "{8B06ECEA-0FEC-4999-8257-8248E2CE6974}"
EndProject
Global
	GlobalSection(SolutionConfigurationPlatforms) = preSolution
		Debug|x64 = Debug|x64
		Debug|x86 = Debug|x86
		Release|x64 = Release|x64
		Release|x86 = Release|x86
	EndGlobalSection
	GlobalSection(ProjectConfigurationPlatforms) = postSolution
		{8B06ECEA-0FEC-4999-8257-8248E2CE6974}.Debug|x64.ActiveCfg = Debug|x64
		{8B06ECEA-0FEC-4999-8257-8248E2CE6974}.Debug|x64.Build.0 = Debug|x64
		{8B06ECEA-0FEC-4999-8257-8248E2CE6974}.Debug|x86.ActiveCfg = Debug|Win32
		{8B06ECEA-0FEC-4999-8257-8248E2CE6974}.Debug|x86.Build.0 = Debug|Win32
		{8B06ECEA-0FEC-4999-8257-8248E2CE6974}.Release|x64.ActiveCfg = Release|x64
		{8B06ECEA-0FEC-4999-8257-8248E2CE6974}.Release|x64.Build.0 = Release|x64
		{8B06ECEA-0FEC-4999-8257-8248E2CE6974}.Release|x86.ActiveCfg = Release|Win32
		{8B06ECEA-0FEC-4999-8257-8248E2CE6974}.Release|x86.Build.0 = Release|Win32
	EndGlobalSection
	GlobalSection(SolutionProperties) = preSolution
		HideSolutionNode = FALSE
	EndGlobalSection
	GlobalSection(ExtensibilityGlobals) = postSolution
		SolutionGuid = {82BFFE73-7B1E-446B-BCB1-6C481E5C2B05}
	EndGlobalSection
EndGlobal
